
Microsoft Visual Studio Solution File, Format Version 12.00
# Visual Studio Version 16
VisualStudioVersion = 16.0.30621.155
MinimumVisualStudioVersion = 10.0.40219.1
Project("{FAE04EC0-301F-11D3-BF4B-00C04F79EFBC}") = "SmoothArc", "SmoothArc\SmoothArc.csproj", "{375D2976-4E06-4844-B6E8-CA1009ABD32A}"
EndProject
Global
	GlobalSection(SolutionConfigurationPlatforms) = preSolution
		Debug|Any CPU = Debug|Any CPU
		Debug|ARM = Debug|ARM
		Debug|ARM64 = Debug|ARM64
		Debug|x64 = Debug|x64
		Debug|x86 = Debug|x86
		Release|Any CPU = Release|Any CPU
		Release|ARM = Release|ARM
		Release|ARM64 = Release|ARM64
		Release|x64 = Release|x64
		Release|x86 = Release|x86
	EndGlobalSection
	GlobalSection(ProjectConfigurationPlatforms) = postSolution
		{375D2976-4E06-4844-B6E8-CA1009ABD32A}.Debug|Any CPU.ActiveCfg = Debug|Any CPU
		{375D2976-4E06-4844-B6E8-CA1009ABD32A}.Debug|Any CPU.Build.0 = Debug|Any CPU
		{375D2976-4E06-4844-B6E8-CA1009ABD32A}.Debug|ARM.ActiveCfg = Debug|Any CPU
		{375D2976-4E06-4844-B6E8-CA1009ABD32A}.Debug|ARM.Build.0 = Debug|Any CPU
		{375D2976-4E06-4844-B6E8-CA1009ABD32A}.Debug|ARM64.ActiveCfg = Debug|Any CPU
		{375D2976-4E06-4844-B6E8-CA1009ABD32A}.Debug|ARM64.Build.0 = Debug|Any CPU
		{375D2976-4E06-4844-B6E8-CA1009ABD32A}.Debug|x64.ActiveCfg = Debug|Any CPU
		{375D2976-4E06-4844-B6E8-CA1009ABD32A}.Debug|x64.Build.0 = Debug|Any CPU
		{375D2976-4E06-4844-B6E8-CA1009ABD32A}.Debug|x86.ActiveCfg = Debug|Any CPU
		{375D2976-4E06-4844-B6E8-CA1009ABD32A}.Debug|x86.Build.0 = Debug|Any CPU
		{375D2976-4E06-4844-B6E8-CA1009ABD32A}.Release|Any CPU.ActiveCfg = Release|Any CPU
		{375D2976-4E06-4844-B6E8-CA1009ABD32A}.Release|Any CPU.Build.0 = Release|Any CPU
		{375D2976-4E06-4844-B6E8-CA1009ABD32A}.Release|ARM.ActiveCfg = Release|Any CPU
		{375D2976-4E06-4844-B6E8-CA1009ABD32A}.Release|ARM.Build.0 = Release|Any CPU
		{375D2976-4E06-4844-B6E8-CA1009ABD32A}.Release|ARM64.ActiveCfg = Release|Any CPU
		{375D2976-4E06-4844-B6E8-CA1009ABD32A}.Release|ARM64.Build.0 = Release|Any CPU
		{375D2976-4E06-4844-B6E8-CA1009ABD32A}.Release|x64.ActiveCfg = Release|Any CPU
		{375D2976-4E06-4844-B6E8-CA1009ABD32A}.Release|x64.Build.0 = Release|Any CPU
		{375D2976-4E06-4844-B6E8-CA1009ABD32A}.Release|x86.ActiveCfg = Release|Any CPU
		{375D2976-4E06-4844-B6E8-CA1009ABD32A}.Release|x86.Build.0 = Release|Any CPU
	EndGlobalSection
	GlobalSection(SolutionProperties) = preSolution
		HideSolutionNode = FALSE
	EndGlobalSection
	GlobalSection(ExtensibilityGlobals) = postSolution
		SolutionGuid = {6F41FEDF-606E-46EC-8402-BD7E276449D1}
	EndGlobalSection
EndGlobal
